
Microsoft Visual Studio Solution File, Format Version 12.00
# Visual Studio Version 16
VisualStudioVersion = 16.0.33130.400
MinimumVisualStudioVersion = 10.0.40219.1
Project("{FAE04EC0-301F-11D3-BF4B-00C04F79EFBC}") = "LINQ_DB", "LINQ_DB\LINQ_DB.csproj", "{07A83F31-45CF-4854-8E3D-7F250E6BC855}"
EndProject
Global
	GlobalSection(SolutionConfigurationPlatforms) = preSolution
		Debug|Any CPU = Debug|Any CPU
		Release|Any CPU = Release|Any CPU
	EndGlobalSection
	GlobalSection(ProjectConfigurationPlatforms) = postSolution
		{07A83F31-45CF-4854-8E3D-7F250E6BC855}.Debug|Any CPU.ActiveCfg = Debug|Any CPU
		{07A83F31-45CF-4854-8E3D-7F250E6BC855}.Debug|Any CPU.Build.0 = Debug|Any CPU
		{07A83F31-45CF-4854-8E3D-7F250E6BC855}.Release|Any CPU.ActiveCfg = Release|Any CPU
		{07A83F31-45CF-4854-8E3D-7F250E6BC855}.Release|Any CPU.Build.0 = Release|Any CPU
	EndGlobalSection
	GlobalSection(SolutionProperties) = preSolution
		HideSolutionNode = FALSE
	EndGlobalSection
	GlobalSection(ExtensibilityGlobals) = postSolution
		SolutionGuid = {ECD41393-E66C-4799-91C5-C34AF6B9A10F}
	EndGlobalSection
EndGlobal
